
Microsoft Visual Studio Solution File, Format Version 12.00
# Visual Studio Version 17
VisualStudioVersion = 17.14.36414.22
MinimumVisualStudioVersion = 10.0.40219.1
Project("{8BC9CEB8-8B4A-11D0-8D11-00A0C91BC942}") = "lab 1", "lab 1\lab 1.vcxproj", "{4DE72B7A-C270-45C0-BC4A-149E38E8A733}"
EndProject
Project("{8BC9CEB8-8B4A-11D0-8D11-00A0C91BC942}") = "Lab 1_2", "Lab 1_2\Lab 1_2.vcxproj", "{5C32BDE3-A61A-4926-84B6-19872A83B2D7}"
EndProject
Project("{8BC9CEB8-8B4A-11D0-8D11-00A0C91BC942}") = "Lab 1_3", "Lab 1_3\Lab 1_3.vcxproj", "{AD17EE94-1FCC-453F-9C24-CCE5C78FAB5D}"
EndProject
Project("{8BC9CEB8-8B4A-11D0-8D11-00A0C91BC942}") = "Lab 1_4(a)", "Lab 1_4(a)\Lab 1_4(a).vcxproj", "{5555988C-C12E-4335-9C92-51828AD1735D}"
EndProject
Project("{8BC9CEB8-8B4A-11D0-8D11-00A0C91BC942}") = "Lab 1_4(b)", "Lab 1_4(b)\Lab 1_4(b).vcxproj", "{7A62BC4E-2356-458A-A875-D6474E80832B}"
EndProject
Global
	GlobalSection(SolutionConfigurationPlatforms) = preSolution
		Debug|x64 = Debug|x64
		Debug|x86 = Debug|x86
		Release|x64 = Release|x64
		Release|x86 = Release|x86
	EndGlobalSection
	GlobalSection(ProjectConfigurationPlatforms) = postSolution
		{4DE72B7A-C270-45C0-BC4A-149E38E8A733}.Debug|x64.ActiveCfg = Debug|x64
		{4DE72B7A-C270-45C0-BC4A-149E38E8A733}.Debug|x64.Build.0 = Debug|x64
		{4DE72B7A-C270-45C0-BC4A-149E38E8A733}.Debug|x86.ActiveCfg = Debug|Win32
		{4DE72B7A-C270-45C0-BC4A-149E38E8A733}.Debug|x86.Build.0 = Debug|Win32
		{4DE72B7A-C270-45C0-BC4A-149E38E8A733}.Release|x64.ActiveCfg = Release|x64
		{4DE72B7A-C270-45C0-BC4A-149E38E8A733}.Release|x64.Build.0 = Release|x64
		{4DE72B7A-C270-45C0-BC4A-149E38E8A733}.Release|x86.ActiveCfg = Release|Win32
		{4DE72B7A-C270-45C0-BC4A-149E38E8A733}.Release|x86.Build.0 = Release|Win32
		{5C32BDE3-A61A-4926-84B6-19872A83B2D7}.Debug|x64.ActiveCfg = Debug|x64
		{5C32BDE3-A61A-4926-84B6-19872A83B2D7}.Debug|x64.Build.0 = Debug|x64
		{5C32BDE3-A61A-4926-84B6-19872A83B2D7}.Debug|x86.ActiveCfg = Debug|Win32
		{5C32BDE3-A61A-4926-84B6-19872A83B2D7}.Debug|x86.Build.0 = Debug|Win32
		{5C32BDE3-A61A-4926-84B6-19872A83B2D7}.Release|x64.ActiveCfg = Release|x64
		{5C32BDE3-A61A-4926-84B6-19872A83B2D7}.Release|x64.Build.0 = Release|x64
		{5C32BDE3-A61A-4926-84B6-19872A83B2D7}.Release|x86.ActiveCfg = Release|Win32
		{5C32BDE3-A61A-4926-84B6-19872A83B2D7}.Release|x86.Build.0 = Release|Win32
		{AD17EE94-1FCC-453F-9C24-CCE5C78FAB5D}.Debug|x64.ActiveCfg = Debug|x64
		{AD17EE94-1FCC-453F-9C24-CCE5C78FAB5D}.Debug|x64.Build.0 = Debug|x64
		{AD17EE94-1FCC-453F-9C24-CCE5C78FAB5D}.Debug|x86.ActiveCfg = Debug|Win32
		{AD17EE94-1FCC-453F-9C24-CCE5C78FAB5D}.Debug|x86.Build.0 = Debug|Win32
		{AD17EE94-1FCC-453F-9C24-CCE5C78FAB5D}.Release|x64.ActiveCfg = Release|x64
		{AD17EE94-1FCC-453F-9C24-CCE5C78FAB5D}.Release|x64.Build.0 = Release|x64
		{AD17EE94-1FCC-453F-9C24-CCE5C78FAB5D}.Release|x86.ActiveCfg = Release|Win32
		{AD17EE94-1FCC-453F-9C24-CCE5C78FAB5D}.Release|x86.Build.0 = Release|Win32
		{5555988C-C12E-4335-9C92-51828AD1735D}.Debug|x64.ActiveCfg = Debug|x64
		{5555988C-C12E-4335-9C92-51828AD1735D}.Debug|x64.Build.0 = Debug|x64
		{5555988C-C12E-4335-9C92-51828AD1735D}.Debug|x86.ActiveCfg = Debug|Win32
		{5555988C-C12E-4335-9C92-51828AD1735D}.Debug|x86.Build.0 = Debug|Win32
		{5555988C-C12E-4335-9C92-51828AD1735D}.Release|x64.ActiveCfg = Release|x64
		{5555988C-C12E-4335-9C92-51828AD1735D}.Release|x64.Build.0 = Release|x64
		{5555988C-C12E-4335-9C92-51828AD1735D}.Release|x86.ActiveCfg = Release|Win32
		{5555988C-C12E-4335-9C92-51828AD1735D}.Release|x86.Build.0 = Release|Win32
		{7A62BC4E-2356-458A-A875-D6474E80832B}.Debug|x64.ActiveCfg = Debug|x64
		{7A62BC4E-2356-458A-A875-D6474E80832B}.Debug|x64.Build.0 = Debug|x64
		{7A62BC4E-2356-458A-A875-D6474E80832B}.Debug|x86.ActiveCfg = Debug|Win32
		{7A62BC4E-2356-458A-A875-D6474E80832B}.Debug|x86.Build.0 = Debug|Win32
		{7A62BC4E-2356-458A-A875-D6474E80832B}.Release|x64.ActiveCfg = Release|x64
		{7A62BC4E-2356-458A-A875-D6474E80832B}.Release|x64.Build.0 = Release|x64
		{7A62BC4E-2356-458A-A875-D6474E80832B}.Release|x86.ActiveCfg = Release|Win32
		{7A62BC4E-2356-458A-A875-D6474E80832B}.Release|x86.Build.0 = Release|Win32
	EndGlobalSection
	GlobalSection(SolutionProperties) = preSolution
		HideSolutionNode = FALSE
	EndGlobalSection
	GlobalSection(ExtensibilityGlobals) = postSolution
		SolutionGuid = {F0AA681A-5AAA-4DA9-B02D-D5CE24FECF75}
	EndGlobalSection
EndGlobal
